github.com/kuttiproject/drivercore v0.1.2-0.20210521114624-f0db5bad0e8d h1:wX/LYanDPqvz1YGRpB5O/eHDN5pN3JpUXdAsBoccrHw=
github.com/kuttiproject/drivercore v0.1.2-0.20210521114624-f0db5bad0e8d/go.mod h1:1C1TMGfQ4u/5ltHUtl4hL7gYzXZyZQVhkOha4GuOzk0=
github.com/kuttiproject/drivercore v0.1.2-0.20210521121704-f5c15ad420be h1:IpPvDQaU1RecFuWYN2z57aUmkZNikqzKkCED2nU+oao=
github.com/kuttiproject/drivercore v0.1.2-0.20210521121704-f5c15ad420be/go.mod h1:1C1TMGfQ4u/5ltHUtl4hL7gYzXZyZQVhkOha4GuOzk0=
github.com/kuttiproject/drivercore v0.1.2-0.20210522083351-9e2ab7988ba8 h1:73chuO91KB2NsO//oswwnO67hPq5yV1h79+LA6qpYUk=
github.com/kuttiproject/drivercore v0.1.2-0.20210522083351-9e2ab7988ba8/go.mod h1:1C1TMGfQ4u/5ltHUtl4hL7gYzXZyZQVhkOha4GuOzk0=
github.com/kuttiproject/drivercore v0.1.2-0.20210522083802-3f98a45d766b h1:UZ4oQoBJS/zvlepjokY7IW0kPHiQBGe+McIrGM83wOI=
github.com/kuttiproject/drivercore v0.1.2-0.20210522083802-3f98a45d766b/go.mod h1:1C1TMGfQ4u/5ltHUtl4hL7gYzXZyZQVhkOha4GuOzk0=
github.com/kuttiproject/drivercore v0.1.2 h1:t/AKAh48130SgOGi2kNmuoi3KkaIpHZx+vL6tqKsPGY=
github.com/kuttiproject/drivercore v0.1.2/go.mod h1:1C1TMGfQ4u/5ltHUtl4hL7gYzXZyZQVhkOha4GuOzk0=
github.com/kuttiproject/kuttilog v0.1.0/go.mod h1:OO3dHpXm1/Pjlc57R4c0e/C+ZWkYlY3Fd9Ikn8xPXi4=
github.com/kuttiproject/kuttilog v0.1.1-0.20210521082833-2433af846351 h1:yRzDwvKLoNafjwswrt5uB4GUJxvZbM0DiUFwpzjWrQE=
github.com/kuttiproject/kuttilog v0.1.1-0.20210521082833-2433af846351/go.mod h1:OO3dHpXm1/Pjlc57R4c0e/C+ZWkYlY3Fd9Ikn8xPXi4=
github.com/kuttiproject/kuttilog v0.1.1 h1:cXF0zSVnVBUJzT2DSnIF8SKAJ4GUHazkiOLOFgeKXbg=
github.com/kuttiproject/kuttilog v0.1.1/go.mod h1:OO3dHpXm1/Pjlc57R4c0e/C+ZWkYlY3Fd9Ikn8xPXi4=
github.com/kuttiproject/workspace v0.1.0 h1:lwv8Nc9oMgVif2Vki626YhpZdPkYQgPqyx6xTSAGwsA=
github.com/kuttiproject/workspace v0.1.0/go.mod h1:qXc3SjY9Hl/VjCzSAN+euXe8NvyOXtYlpCRT+hp8OTQ=
github.com/kuttiproject/workspace v0.1.1-0.20210521090229-01bd56f7afb8 h1:nHoC52F9QUupuGjIiihmGqAfhUytRVYbTrs4VaZuw4Q=
github.com/kuttiproject/workspace v0.1.1-0.20210521090229-01bd56f7afb8/go.mod h1:qXc3SjY9Hl/VjCzSAN+euXe8NvyOXtYlpCRT+hp8OTQ=
github.com/kuttiproject/workspace v0.2.0 h1:PCD9TXA2eDFCeChRYRBKbe2ZPvj+AOZylZb/qGGZJKQ=
github.com/kuttiproject/workspace v0.2.0/go.mod h1:OY89kCzN3mlCk+hnXlkniYT5F9v4jqQxj0cdgKG4scI=
